
Microsoft Visual Studio Solution File, Format Version 11.00
# Visual Studio 2010
Project("{FAE04EC0-301F-11D3-BF4B-00C04F79EFBC}") = "TimerExample", "TimerExample\TimerExample.csproj", "{ADF61C29-597C-4F90-8C36-2B14B013E217}"
EndProject
Project("{FAE04EC0-301F-11D3-BF4B-00C04F79EFBC}") = "MaxBotixExample", "MaxBotixExample\MaxBotixExample.csproj", "{C22C6F7C-DE75-4D52-B0FE-ADC22E92979A}"
EndProject
Project("{FAE04EC0-301F-11D3-BF4B-00C04F79EFBC}") = "MaxBotixExample2", "MaxBotixExample2\MaxBotixExample2.csproj", "{B7060D71-C2A0-406A-910F-6FA6A10F150B}"
EndProject
Global
	GlobalSection(SolutionConfigurationPlatforms) = preSolution
		Debug|Any CPU = Debug|Any CPU
		Release|Any CPU = Release|Any CPU
	EndGlobalSection
	GlobalSection(ProjectConfigurationPlatforms) = postSolution
		{ADF61C29-597C-4F90-8C36-2B14B013E217}.Debug|Any CPU.ActiveCfg = Debug|Any CPU
		{ADF61C29-597C-4F90-8C36-2B14B013E217}.Debug|Any CPU.Build.0 = Debug|Any CPU
		{ADF61C29-597C-4F90-8C36-2B14B013E217}.Debug|Any CPU.Deploy.0 = Debug|Any CPU
		{ADF61C29-597C-4F90-8C36-2B14B013E217}.Release|Any CPU.ActiveCfg = Release|Any CPU
		{ADF61C29-597C-4F90-8C36-2B14B013E217}.Release|Any CPU.Build.0 = Release|Any CPU
		{ADF61C29-597C-4F90-8C36-2B14B013E217}.Release|Any CPU.Deploy.0 = Release|Any CPU
		{C22C6F7C-DE75-4D52-B0FE-ADC22E92979A}.Debug|Any CPU.ActiveCfg = Debug|Any CPU
		{C22C6F7C-DE75-4D52-B0FE-ADC22E92979A}.Debug|Any CPU.Build.0 = Debug|Any CPU
		{C22C6F7C-DE75-4D52-B0FE-ADC22E92979A}.Debug|Any CPU.Deploy.0 = Debug|Any CPU
		{C22C6F7C-DE75-4D52-B0FE-ADC22E92979A}.Release|Any CPU.ActiveCfg = Release|Any CPU
		{C22C6F7C-DE75-4D52-B0FE-ADC22E92979A}.Release|Any CPU.Build.0 = Release|Any CPU
		{C22C6F7C-DE75-4D52-B0FE-ADC22E92979A}.Release|Any CPU.Deploy.0 = Release|Any CPU
		{B7060D71-C2A0-406A-910F-6FA6A10F150B}.Debug|Any CPU.ActiveCfg = Debug|Any CPU
		{B7060D71-C2A0-406A-910F-6FA6A10F150B}.Debug|Any CPU.Build.0 = Debug|Any CPU
		{B7060D71-C2A0-406A-910F-6FA6A10F150B}.Debug|Any CPU.Deploy.0 = Debug|Any CPU
		{B7060D71-C2A0-406A-910F-6FA6A10F150B}.Release|Any CPU.ActiveCfg = Release|Any CPU
		{B7060D71-C2A0-406A-910F-6FA6A10F150B}.Release|Any CPU.Build.0 = Release|Any CPU
		{B7060D71-C2A0-406A-910F-6FA6A10F150B}.Release|Any CPU.Deploy.0 = Release|Any CPU
	EndGlobalSection
	GlobalSection(SolutionProperties) = preSolution
		HideSolutionNode = FALSE
	EndGlobalSection
EndGlobal
